<?xml version="1.0" encoding="utf-8"?>
<Project ToolsVersion="4.0" xmlns="http://schemas.microsoft.com/developer/msbuild/2003">
  <ItemGroup>
    <Filter Include="源文件">
      <UniqueIdentifier>{4FC737F1-C7A5-4376-A066-2A32D752A2FF}</UniqueIdentifier>
      <Extensions>cpp;c;cc;cxx;def;odl;idl;hpj;bat;asm;asmx</Extensions>
    </Filter>
    <Filter Include="头文件">
      <UniqueIdentifier>{93995380-89BD-4b04-88EB-625FBE52EBFB}</UniqueIdentifier>
      <Extensions>h;hh;hpp;hxx;hm;inl;inc;ipp;xsd</Extensions>
    </Filter>
    <Filter Include="资源文件">
      <UniqueIdentifier>{67DA6AB6-F800-4c08-8B7A-83BB121AAD01}</UniqueIdentifier>
      <Extensions>rc;ico;cur;bmp;dlg;rc2;rct;bin;rgs;gif;jpg;jpeg;jpe;resx;tiff;tif;png;wav;mfcribbon-ms</Extensions>
    </Filter>
    <Filter Include="codec">
      <UniqueIdentifier>{5c361c34-a5b3-441c-a49a-3427e51efeef}</UniqueIdentifier>
    </Filter>
    <Filter Include="rtmp">
      <UniqueIdentifier>{ef69403e-9151-403b-a27d-d209dbce4e4b}</UniqueIdentifier>
    </Filter>
    <Filter Include="rtmp\libflv">
      <UniqueIdentifier>{3b2e04a4-7828-4779-b35e-acf820a6f92d}</UniqueIdentifier>
    </Filter>
    <Filter Include="rtmp\librtmp">
      <UniqueIdentifier>{02f93e01-a40e-461e-bed3-cf2076590837}</UniqueIdentifier>
    </Filter>
    <Filter Include="player">
      <UniqueIdentifier>{bd8fed9d-7be7-4a8b-8108-d081bae90a28}</UniqueIdentifier>
    </Filter>
    <Filter Include="include">
      <UniqueIdentifier>{5e828343-ddcc-481c-8065-4ca68a293564}</UniqueIdentifier>
    </Filter>
    <Filter Include="pusher">
      <UniqueIdentifier>{85139ba3-1673-45fb-b65a-c3ba23f6f5f0}</UniqueIdentifier>
    </Filter>
    <Filter Include="nvcodec">
      <UniqueIdentifier>{3b0fe857-c852-4489-9ed5-9bd37e343391}</UniqueIdentifier>
    </Filter>
    <Filter Include="nvcodec\NvEncoder">
      <UniqueIdentifier>{bfe3c606-d5f8-46c0-a88b-7767b27b0bb6}</UniqueIdentifier>
    </Filter>
    <Filter Include="qsvcodec">
      <UniqueIdentifier>{ec180d08-c5f6-49db-9afb-652019741555}</UniqueIdentifier>
    </Filter>
    <Filter Include="qsvcodec\src">
      <UniqueIdentifier>{d5152f64-7577-41e9-9898-2d13b4722e71}</UniqueIdentifier>
    </Filter>
    <Filter Include="encoder">
      <UniqueIdentifier>{7a0c22bf-3080-40f1-a0f7-e79dab1cbed4}</UniqueIdentifier>
    </Filter>
  </ItemGroup>
  <ItemGroup>
    <ClInclude Include="codec\AvCodec.h">
      <Filter>codec</Filter>
    </ClInclude>
    <ClInclude Include="RtcTick.h">
      <Filter>头文件</Filter>
    </ClInclude>
    <ClInclude Include="AudDeviceEvent.h">
      <Filter>头文件</Filter>
    </ClInclude>
    <ClInclude Include="MgrRender.h">
      <Filter>头文件</Filter>
    </ClInclude>
    <ClInclude Include="player\ARPlayer.h">
      <Filter>player</Filter>
    </ClInclude>
    <ClInclude Include="player\FFBuffer.h">
      <Filter>player</Filter>
    </ClInclude>
    <ClInclude Include="PlayBuffer.h">
      <Filter>头文件</Filter>
    </ClInclude>
    <ClInclude Include="WinVideoTrackSource.h">
      <Filter>头文件</Filter>
    </ClInclude>
    <ClInclude Include="PlatformImpl.h">
      <Filter>头文件</Filter>
    </ClInclude>
    <ClInclude Include="VcmCapturer.h">
      <Filter>头文件</Filter>
    </ClInclude>
    <ClInclude Include="include\ArLiveCode.hpp">
      <Filter>include</Filter>
    </ClInclude>
    <ClInclude Include="include\ArLiveDef.hpp">
      <Filter>include</Filter>
    </ClInclude>
    <ClInclude Include="include\ArLivePlayerObserver.hpp">
      <Filter>include</Filter>
    </ClInclude>
    <ClInclude Include="include\ArLivePremier.hpp">
      <Filter>include</Filter>
    </ClInclude>
    <ClInclude Include="include\ArLivePusherObserver.hpp">
      <Filter>include</Filter>
    </ClInclude>
    <ClInclude Include="include\IArAudioEffectManager.h">
      <Filter>include</Filter>
    </ClInclude>
    <ClInclude Include="include\IArDeviceManager.h">
      <Filter>include</Filter>
    </ClInclude>
    <ClInclude Include="ArLive2Engine.h">
      <Filter>头文件</Filter>
    </ClInclude>
    <ClInclude Include="IArLive2Engine.h">
      <Filter>include</Filter>
    </ClInclude>
    <ClInclude Include="ArLive2Player.h">
      <Filter>头文件</Filter>
    </ClInclude>
    <ClInclude Include="include\IArLivePlayer.hpp">
      <Filter>include</Filter>
    </ClInclude>
    <ClInclude Include="include\IArLivePusher.hpp">
      <Filter>include</Filter>
    </ClInclude>
    <ClInclude Include="ArLive2Pusher.h">
      <Filter>头文件</Filter>
    </ClInclude>
    <ClInclude Include="player\ARFFPlayer.h">
      <Filter>player</Filter>
    </ClInclude>
    <ClInclude Include="pusher\ARPusher.h">
      <Filter>pusher</Filter>
    </ClInclude>
    <ClInclude Include="ArNetClient.h">
      <Filter>头文件</Filter>
    </ClInclude>
    <ClInclude Include="ArNetTcpClient.h">
      <Filter>头文件</Filter>
    </ClInclude>
    <ClInclude Include="pusher\ARRtmpPusher.h">
      <Filter>pusher</Filter>
    </ClInclude>
    <ClInclude Include="player\sonic.h">
      <Filter>player</Filter>
    </ClInclude>
    <ClInclude Include="INetClient.h">
      <Filter>头文件</Filter>
    </ClInclude>
    <ClInclude Include="H264SeiPack.h">
      <Filter>头文件</Filter>
    </ClInclude>
    <ClInclude Include="SeiMsg.h">
      <Filter>头文件</Filter>
    </ClInclude>
    <ClInclude Include="..\third_party\NvCodec\NvEncoder\nvEncodeAPI.h">
      <Filter>nvcodec\NvEncoder</Filter>
    </ClInclude>
    <ClInclude Include="..\third_party\NvCodec\NvEncoder\NvEncoder.h">
      <Filter>nvcodec\NvEncoder</Filter>
    </ClInclude>
    <ClInclude Include="..\third_party\NvCodec\NvEncoder\NvEncoderD3D11.h">
      <Filter>nvcodec\NvEncoder</Filter>
    </ClInclude>
    <ClInclude Include="..\third_party\QsvCodec\src\mfx_critical_section.h">
      <Filter>qsvcodec\src</Filter>
    </ClInclude>
    <ClInclude Include="..\third_party\QsvCodec\src\mfx_dispatcher.h">
      <Filter>qsvcodec\src</Filter>
    </ClInclude>
    <ClInclude Include="..\third_party\QsvCodec\src\mfx_dispatcher_defs.h">
      <Filter>qsvcodec\src</Filter>
    </ClInclude>
    <ClInclude Include="..\third_party\QsvCodec\src\mfx_dispatcher_log.h">
      <Filter>qsvcodec\src</Filter>
    </ClInclude>
    <ClInclude Include="..\third_party\QsvCodec\src\mfx_dxva2_device.h">
      <Filter>qsvcodec\src</Filter>
    </ClInclude>
    <ClInclude Include="..\third_party\QsvCodec\src\mfx_exposed_functions_list.h">
      <Filter>qsvcodec\src</Filter>
    </ClInclude>
    <ClInclude Include="..\third_party\QsvCodec\src\mfx_library_iterator.h">
      <Filter>qsvcodec\src</Filter>
    </ClInclude>
    <ClInclude Include="..\third_party\QsvCodec\src\mfx_load_dll.h">
      <Filter>qsvcodec\src</Filter>
    </ClInclude>
    <ClInclude Include="..\third_party\QsvCodec\src\mfx_load_plugin.h">
      <Filter>qsvcodec\src</Filter>
    </ClInclude>
    <ClInclude Include="..\third_party\QsvCodec\src\mfx_plugin_hive.h">
      <Filter>qsvcodec\src</Filter>
    </ClInclude>
    <ClInclude Include="..\third_party\QsvCodec\src\mfx_vector.h">
      <Filter>qsvcodec\src</Filter>
    </ClInclude>
    <ClInclude Include="..\third_party\QsvCodec\src\mfx_win_reg_key.h">
      <Filter>qsvcodec\src</Filter>
    </ClInclude>
    <ClInclude Include="..\third_party\QsvCodec\src\mfxaudio_exposed_functions_list.h">
      <Filter>qsvcodec\src</Filter>
    </ClInclude>
    <ClInclude Include="..\third_party\QsvCodec\common_directx9.h">
      <Filter>qsvcodec</Filter>
    </ClInclude>
    <ClInclude Include="..\third_party\QsvCodec\common_directx11.h">
      <Filter>qsvcodec</Filter>
    </ClInclude>
    <ClInclude Include="..\third_party\QsvCodec\common_utils.h">
      <Filter>qsvcodec</Filter>
    </ClInclude>
    <ClInclude Include="encoder\nvidia_d3d11_encoder.h">
      <Filter>encoder</Filter>
    </ClInclude>
    <ClInclude Include="encoder\video_encoder.h">
      <Filter>encoder</Filter>
    </ClInclude>
    <ClInclude Include="encoder\intel_d3d_encoder.h">
      <Filter>encoder</Filter>
    </ClInclude>
  </ItemGroup>
  <ItemGroup>
    <ClCompile Include="codec\AvCodec.cc">
      <Filter>codec</Filter>
    </ClCompile>
    <ClCompile Include="rtmp\libflv\source\amf0.c">
      <Filter>rtmp\libflv</Filter>
    </ClCompile>
    <ClCompile Include="rtmp\libflv\source\amf3.c">
      <Filter>rtmp\libflv</Filter>
    </ClCompile>
    <ClCompile Include="rtmp\libflv\source\aom-av1.c">
      <Filter>rtmp\libflv</Filter>
    </ClCompile>
    <ClCompile Include="rtmp\libflv\source\flv-demuxer.c">
      <Filter>rtmp\libflv</Filter>
    </ClCompile>
    <ClCompile Include="rtmp\libflv\source\flv-demuxer-script.c">
      <Filter>rtmp\libflv</Filter>
    </ClCompile>
    <ClCompile Include="rtmp\libflv\source\flv-header.c">
      <Filter>rtmp\libflv</Filter>
    </ClCompile>
    <ClCompile Include="rtmp\libflv\source\flv-muxer.c">
      <Filter>rtmp\libflv</Filter>
    </ClCompile>
    <ClCompile Include="rtmp\libflv\source\flv-parser.c">
      <Filter>rtmp\libflv</Filter>
    </ClCompile>
    <ClCompile Include="rtmp\libflv\source\flv-reader.c">
      <Filter>rtmp\libflv</Filter>
    </ClCompile>
    <ClCompile Include="rtmp\libflv\source\flv-writer.c">
      <Filter>rtmp\libflv</Filter>
    </ClCompile>
    <ClCompile Include="rtmp\libflv\source\hevc-annexbtomp4.c">
      <Filter>rtmp\libflv</Filter>
    </ClCompile>
    <ClCompile Include="rtmp\libflv\source\hevc-mp4toannexb.c">
      <Filter>rtmp\libflv</Filter>
    </ClCompile>
    <ClCompile Include="rtmp\libflv\source\mp3-header.c">
      <Filter>rtmp\libflv</Filter>
    </ClCompile>
    <ClCompile Include="rtmp\libflv\source\mpeg4-aac.c">
      <Filter>rtmp\libflv</Filter>
    </ClCompile>
    <ClCompile Include="rtmp\libflv\source\mpeg4-aac-asc.c">
      <Filter>rtmp\libflv</Filter>
    </ClCompile>
    <ClCompile Include="rtmp\libflv\source\mpeg4-annexbtomp4.c">
      <Filter>rtmp\libflv</Filter>
    </ClCompile>
    <ClCompile Include="rtmp\libflv\source\mpeg4-avc.c">
      <Filter>rtmp\libflv</Filter>
    </ClCompile>
    <ClCompile Include="rtmp\libflv\source\mpeg4-hevc.c">
      <Filter>rtmp\libflv</Filter>
    </ClCompile>
    <ClCompile Include="rtmp\libflv\source\mpeg4-mp4toannexb.c">
      <Filter>rtmp\libflv</Filter>
    </ClCompile>
    <ClCompile Include="rtmp\libflv\source\opus-head.c">
      <Filter>rtmp\libflv</Filter>
    </ClCompile>
    <ClCompile Include="rtmp\libflv\source\webm-vpx.c">
      <Filter>rtmp\libflv</Filter>
    </ClCompile>
    <ClCompile Include="rtmp\librtmp\source\rtmp-chunk-header.c">
      <Filter>rtmp\librtmp</Filter>
    </ClCompile>
    <ClCompile Include="rtmp\librtmp\source\rtmp-chunk-read.c">
      <Filter>rtmp\librtmp</Filter>
    </ClCompile>
    <ClCompile Include="rtmp\librtmp\source\rtmp-chunk-write.c">
      <Filter>rtmp\librtmp</Filter>
    </ClCompile>
    <ClCompile Include="rtmp\librtmp\source\rtmp-client.c">
      <Filter>rtmp\librtmp</Filter>
    </ClCompile>
    <ClCompile Include="rtmp\librtmp\source\rtmp-control-handler.c">
      <Filter>rtmp\librtmp</Filter>
    </ClCompile>
    <ClCompile Include="rtmp\librtmp\source\rtmp-control-message.c">
      <Filter>rtmp\librtmp</Filter>
    </ClCompile>
    <ClCompile Include="rtmp\librtmp\source\rtmp-event.c">
      <Filter>rtmp\librtmp</Filter>
    </ClCompile>
    <ClCompile Include="rtmp\librtmp\source\rtmp-handler.c">
      <Filter>rtmp\librtmp</Filter>
    </ClCompile>
    <ClCompile Include="rtmp\librtmp\source\rtmp-handshake.c">
      <Filter>rtmp\librtmp</Filter>
    </ClCompile>
    <ClCompile Include="rtmp\librtmp\source\rtmp-invoke-handler.c">
      <Filter>rtmp\librtmp</Filter>
    </ClCompile>
    <ClCompile Include="rtmp\librtmp\source\rtmp-netconnection.c">
      <Filter>rtmp\librtmp</Filter>
    </ClCompile>
    <ClCompile Include="rtmp\librtmp\source\rtmp-netstream.c">
      <Filter>rtmp\librtmp</Filter>
    </ClCompile>
    <ClCompile Include="codec\aacencode.cc">
      <Filter>codec</Filter>
    </ClCompile>
    <ClCompile Include="RtcTick.cpp">
      <Filter>源文件</Filter>
    </ClCompile>
    <ClCompile Include="MgrRender.cpp">
      <Filter>源文件</Filter>
    </ClCompile>
    <ClCompile Include="player\FFBuffer.cpp">
      <Filter>player</Filter>
    </ClCompile>
    <ClCompile Include="WinVideoTrackSource.cpp">
      <Filter>源文件</Filter>
    </ClCompile>
    <ClCompile Include="PlatformImpl.cpp">
      <Filter>源文件</Filter>
    </ClCompile>
    <ClCompile Include="VcmCapturer.cpp">
      <Filter>源文件</Filter>
    </ClCompile>
    <ClCompile Include="ArLive2Engine.cpp">
      <Filter>源文件</Filter>
    </ClCompile>
    <ClCompile Include="ArLive2Player.cpp">
      <Filter>源文件</Filter>
    </ClCompile>
    <ClCompile Include="ArLive2Pusher.cpp">
      <Filter>源文件</Filter>
    </ClCompile>
    <ClCompile Include="player\ARFFPlayer.cpp">
      <Filter>player</Filter>
    </ClCompile>
    <ClCompile Include="ArNetClient.cpp">
      <Filter>源文件</Filter>
    </ClCompile>
    <ClCompile Include="ArNetTcpClient.cpp">
      <Filter>源文件</Filter>
    </ClCompile>
    <ClCompile Include="pusher\ARRtmpPusher.cpp">
      <Filter>pusher</Filter>
    </ClCompile>
    <ClCompile Include="player\sonic.c">
      <Filter>player</Filter>
    </ClCompile>
    <ClCompile Include="H264SeiPack.cpp">
      <Filter>源文件</Filter>
    </ClCompile>
    <ClCompile Include="PlayBuffer.cpp">
      <Filter>源文件</Filter>
    </ClCompile>
    <ClCompile Include="codec\aacdecode.cc">
      <Filter>codec</Filter>
    </ClCompile>
    <ClCompile Include="..\third_party\NvCodec\NvEncoder\NvEncoder.cpp">
      <Filter>nvcodec\NvEncoder</Filter>
    </ClCompile>
    <ClCompile Include="..\third_party\NvCodec\NvEncoder\NvEncoderD3D11.cpp">
      <Filter>nvcodec\NvEncoder</Filter>
    </ClCompile>
    <ClCompile Include="..\third_party\QsvCodec\src\mfx_critical_section.cpp">
      <Filter>qsvcodec\src</Filter>
    </ClCompile>
    <ClCompile Include="..\third_party\QsvCodec\src\mfx_dispatcher.cpp">
      <Filter>qsvcodec\src</Filter>
    </ClCompile>
    <ClCompile Include="..\third_party\QsvCodec\src\mfx_dispatcher_log.cpp">
      <Filter>qsvcodec\src</Filter>
    </ClCompile>
    <ClCompile Include="..\third_party\QsvCodec\src\mfx_dxva2_device.cpp">
      <Filter>qsvcodec\src</Filter>
    </ClCompile>
    <ClCompile Include="..\third_party\QsvCodec\src\mfx_function_table.cpp">
      <Filter>qsvcodec\src</Filter>
    </ClCompile>
    <ClCompile Include="..\third_party\QsvCodec\src\mfx_library_iterator.cpp">
      <Filter>qsvcodec\src</Filter>
    </ClCompile>
    <ClCompile Include="..\third_party\QsvCodec\src\mfx_load_dll.cpp">
      <Filter>qsvcodec\src</Filter>
    </ClCompile>
    <ClCompile Include="..\third_party\QsvCodec\src\mfx_load_plugin.cpp">
      <Filter>qsvcodec\src</Filter>
    </ClCompile>
    <ClCompile Include="..\third_party\QsvCodec\src\mfx_plugin_hive.cpp">
      <Filter>qsvcodec\src</Filter>
    </ClCompile>
    <ClCompile Include="..\third_party\QsvCodec\src\mfx_win_reg_key.cpp">
      <Filter>qsvcodec\src</Filter>
    </ClCompile>
    <ClCompile Include="..\third_party\QsvCodec\src\qsv_main.cpp">
      <Filter>qsvcodec\src</Filter>
    </ClCompile>
    <ClCompile Include="..\third_party\QsvCodec\common_directx9.cpp">
      <Filter>qsvcodec</Filter>
    </ClCompile>
    <ClCompile Include="..\third_party\QsvCodec\common_directx11.cpp">
      <Filter>qsvcodec</Filter>
    </ClCompile>
    <ClCompile Include="..\third_party\QsvCodec\common_utils.cpp">
      <Filter>qsvcodec</Filter>
    </ClCompile>
    <ClCompile Include="..\third_party\QsvCodec\common_utils_windows.cpp">
      <Filter>qsvcodec</Filter>
    </ClCompile>
    <ClCompile Include="encoder\intel_d3d_encoder.cc">
      <Filter>encoder</Filter>
    </ClCompile>
    <ClCompile Include="encoder\nvidia_d3d11_encoder.cc">
      <Filter>encoder</Filter>
    </ClCompile>
    <ClCompile Include="ExternalVideoEncoderFactory.cpp">
      <Filter>源文件</Filter>
    </ClCompile>
    <ClCompile Include="nv_encoder.cpp">
      <Filter>源文件</Filter>
    </ClCompile>
    <ClCompile Include="qsv_encoder.cpp">
      <Filter>源文件</Filter>
    </ClCompile>
  </ItemGroup>
</Project>